
Microsoft Visual Studio Solution File, Format Version 12.00
# Visual Studio Version 16
VisualStudioVersion = 16.0.31402.337
MinimumVisualStudioVersion = 10.0.40219.1
Project("{FAE04EC0-301F-11D3-BF4B-00C04F79EFBC}") = "CSharp", "CSharp.csproj", "{38B17DFF-AF6A-4DDD-9601-4092861F292F}"
EndProject
Global
	GlobalSection(SolutionConfigurationPlatforms) = preSolution
		Debug|Any CPU = Debug|Any CPU
		Debug|x64 = Debug|x64
		Release|Any CPU = Release|Any CPU
		Release|x64 = Release|x64
	EndGlobalSection
	GlobalSection(ProjectConfigurationPlatforms) = postSolution
		{38B17DFF-AF6A-4DDD-9601-4092861F292F}.Debug|Any CPU.ActiveCfg = Debug|Any CPU
		{38B17DFF-AF6A-4DDD-9601-4092861F292F}.Debug|Any CPU.Build.0 = Debug|Any CPU
		{38B17DFF-AF6A-4DDD-9601-4092861F292F}.Debug|x64.ActiveCfg = Debug|x64
		{38B17DFF-AF6A-4DDD-9601-4092861F292F}.Debug|x64.Build.0 = Debug|x64
		{38B17DFF-AF6A-4DDD-9601-4092861F292F}.Release|Any CPU.ActiveCfg = Release|Any CPU
		{38B17DFF-AF6A-4DDD-9601-4092861F292F}.Release|Any CPU.Build.0 = Release|Any CPU
		{38B17DFF-AF6A-4DDD-9601-4092861F292F}.Release|x64.ActiveCfg = Release|x64
		{38B17DFF-AF6A-4DDD-9601-4092861F292F}.Release|x64.Build.0 = Release|x64
	EndGlobalSection
	GlobalSection(SolutionProperties) = preSolution
		HideSolutionNode = FALSE
	EndGlobalSection
	GlobalSection(ExtensibilityGlobals) = postSolution
		SolutionGuid = {E3EB8703-D098-43DC-9DE8-8B7FEA1A9DD7}
	EndGlobalSection
EndGlobal
